
Microsoft Visual Studio Solution File, Format Version 12.00
# Visual Studio 15
VisualStudioVersion = 15.0.26730.12
MinimumVisualStudioVersion = 10.0.40219.1
Project("{FAE04EC0-301F-11D3-BF4B-00C04F79EFBC}") = "TableStorage.Abstractions.POCO", "TableStorage.Abstractions.POCO\TableStorage.Abstractions.POCO.csproj", "{6C3664E2-AA85-410C-BA2C-81BFFF33B9DE}"
EndProject
Project("{FAE04EC0-301F-11D3-BF4B-00C04F79EFBC}") = "TableStorage.Abstractions.POCO.Tests", "TableStorage.Abstractions.POCO.Tests\TableStorage.Abstractions.POCO.Tests.csproj", "{3DED78B4-7F47-480C-B2F7-DA569D14C2EC}"
EndProject
Global
	GlobalSection(SolutionConfigurationPlatforms) = preSolution
		Debug|Any CPU = Debug|Any CPU
		Release|Any CPU = Release|Any CPU
	EndGlobalSection
	GlobalSection(ProjectConfigurationPlatforms) = postSolution
		{6C3664E2-AA85-410C-BA2C-81BFFF33B9DE}.Debug|Any CPU.ActiveCfg = Debug|Any CPU
		{6C3664E2-AA85-410C-BA2C-81BFFF33B9DE}.Debug|Any CPU.Build.0 = Debug|Any CPU
		{6C3664E2-AA85-410C-BA2C-81BFFF33B9DE}.Release|Any CPU.ActiveCfg = Release|Any CPU
		{6C3664E2-AA85-410C-BA2C-81BFFF33B9DE}.Release|Any CPU.Build.0 = Release|Any CPU
		{3DED78B4-7F47-480C-B2F7-DA569D14C2EC}.Debug|Any CPU.ActiveCfg = Debug|Any CPU
		{3DED78B4-7F47-480C-B2F7-DA569D14C2EC}.Debug|Any CPU.Build.0 = Debug|Any CPU
		{3DED78B4-7F47-480C-B2F7-DA569D14C2EC}.Release|Any CPU.ActiveCfg = Release|Any CPU
		{3DED78B4-7F47-480C-B2F7-DA569D14C2EC}.Release|Any CPU.Build.0 = Release|Any CPU
	EndGlobalSection
	GlobalSection(SolutionProperties) = preSolution
		HideSolutionNode = FALSE
	EndGlobalSection
	GlobalSection(ExtensibilityGlobals) = postSolution
		SolutionGuid = {DA2AB3C1-85EF-4A17-8C1B-62CEA714338D}
	EndGlobalSection
EndGlobal
